
Microsoft Visual Studio Solution File, Format Version 12.00
# Visual Studio Version 17
VisualStudioVersion = 17.8.34322.80
MinimumVisualStudioVersion = 10.0.40219.1
Project("{FAE04EC0-301F-11D3-BF4B-00C04F79EFBC}") = "redis-cache-test", "redis-cache-test\redis-cache-test.csproj", "{FADB5743-F4A4-464B-A997-1DD895447013}"
EndProject
Global
	GlobalSection(SolutionConfigurationPlatforms) = preSolution
		Debug|Any CPU = Debug|Any CPU
		Release|Any CPU = Release|Any CPU
	EndGlobalSection
	GlobalSection(ProjectConfigurationPlatforms) = postSolution
		{FADB5743-F4A4-464B-A997-1DD895447013}.Debug|Any CPU.ActiveCfg = Debug|Any CPU
		{FADB5743-F4A4-464B-A997-1DD895447013}.Debug|Any CPU.Build.0 = Debug|Any CPU
		{FADB5743-F4A4-464B-A997-1DD895447013}.Release|Any CPU.ActiveCfg = Release|Any CPU
		{FADB5743-F4A4-464B-A997-1DD895447013}.Release|Any CPU.Build.0 = Release|Any CPU
	EndGlobalSection
	GlobalSection(SolutionProperties) = preSolution
		HideSolutionNode = FALSE
	EndGlobalSection
	GlobalSection(ExtensibilityGlobals) = postSolution
		SolutionGuid = {C77B0EA4-9908-4186-8910-28751CAF1CDB}
	EndGlobalSection
EndGlobal
